
Microsoft Visual Studio Solution File, Format Version 12.00
# Visual Studio 2013
VisualStudioVersion = 12.0.40629.0
MinimumVisualStudioVersion = 10.0.40219.1
Project("{8BC9CEB8-8B4A-11D0-8D11-00A0C91BC942}") = "C_bit_2021_3_18", "C_bit_2021_3_18\C_bit_2021_3_18.vcxproj", "{DB977094-E27C-4768-B601-35AC06FF0AEA}"
EndProject
Global
	GlobalSection(SolutionConfigurationPlatforms) = preSolution
		Debug|Win32 = Debug|Win32
		Release|Win32 = Release|Win32
	EndGlobalSection
	GlobalSection(ProjectConfigurationPlatforms) = postSolution
		{DB977094-E27C-4768-B601-35AC06FF0AEA}.Debug|Win32.ActiveCfg = Debug|Win32
		{DB977094-E27C-4768-B601-35AC06FF0AEA}.Debug|Win32.Build.0 = Debug|Win32
		{DB977094-E27C-4768-B601-35AC06FF0AEA}.Release|Win32.ActiveCfg = Release|Win32
		{DB977094-E27C-4768-B601-35AC06FF0AEA}.Release|Win32.Build.0 = Release|Win32
	EndGlobalSection
	GlobalSection(SolutionProperties) = preSolution
		HideSolutionNode = FALSE
	EndGlobalSection
EndGlobal
